{
  "name": "toxicbbq.github.io",
  "version": "1.0.0",
  "lockfileVersion": 3,
  "requires": true,
  "packages": {
    "": {
      "name": "toxicbbq.github.io",
      "version": "1.0.0",
      "license": "ISC",
      "dependencies": {
        "lightgallery": "^2.8.3"
      }
    },
    "node_modules/lightgallery": {
      "version": "2.8.3",
      "resolved": "https://registry.npmjs.org/lightgallery/-/lightgallery-2.8.3.tgz",
      "integrity": "sha512-s67Z7KZAhIu/io7qs2yIM+8+hUyDQ1ufRtCQwhFnmHVzRQ8cKlxf53CxS/DpJ0sDGOWHNx5L6Y3PfACQxiH+8A==",
      "license": "GPLv3",
      "engines": {
        "node": ">=6.0.0"
      }
    }
  }
}
